
Microsoft Visual Studio Solution File, Format Version 12.00
Project("{FAE04EC0-301F-11D3-BF4B-00C04F79EFBC}") = "Day1", "Day1\Day1.csproj", "{6617045C-66A4-4DFF-BCCA-760A44E8FEBB}"
EndProject
Project("{FAE04EC0-301F-11D3-BF4B-00C04F79EFBC}") = "Day2", "Day2\Day2.csproj", "{0C491493-BB57-4170-A561-14BF18C6F180}"
EndProject
Project("{FAE04EC0-301F-11D3-BF4B-00C04F79EFBC}") = "Day3", "Day3\Day3.csproj", "{2E167C1A-DC78-4054-865B-A618128278BF}"
EndProject
Project("{FAE04EC0-301F-11D3-BF4B-00C04F79EFBC}") = "Day4", "Day4\Day4.csproj", "{1E25A9C3-CA84-4C68-971E-FE3C29451F97}"
EndProject
Global
	GlobalSection(SolutionConfigurationPlatforms) = preSolution
		Debug|Any CPU = Debug|Any CPU
		Release|Any CPU = Release|Any CPU
	EndGlobalSection
	GlobalSection(ProjectConfigurationPlatforms) = postSolution
		{6617045C-66A4-4DFF-BCCA-760A44E8FEBB}.Debug|Any CPU.ActiveCfg = Debug|Any CPU
		{6617045C-66A4-4DFF-BCCA-760A44E8FEBB}.Debug|Any CPU.Build.0 = Debug|Any CPU
		{6617045C-66A4-4DFF-BCCA-760A44E8FEBB}.Release|Any CPU.ActiveCfg = Release|Any CPU
		{6617045C-66A4-4DFF-BCCA-760A44E8FEBB}.Release|Any CPU.Build.0 = Release|Any CPU
		{0C491493-BB57-4170-A561-14BF18C6F180}.Debug|Any CPU.ActiveCfg = Debug|Any CPU
		{0C491493-BB57-4170-A561-14BF18C6F180}.Debug|Any CPU.Build.0 = Debug|Any CPU
		{0C491493-BB57-4170-A561-14BF18C6F180}.Release|Any CPU.ActiveCfg = Release|Any CPU
		{0C491493-BB57-4170-A561-14BF18C6F180}.Release|Any CPU.Build.0 = Release|Any CPU
		{2E167C1A-DC78-4054-865B-A618128278BF}.Debug|Any CPU.ActiveCfg = Debug|Any CPU
		{2E167C1A-DC78-4054-865B-A618128278BF}.Debug|Any CPU.Build.0 = Debug|Any CPU
		{2E167C1A-DC78-4054-865B-A618128278BF}.Release|Any CPU.ActiveCfg = Release|Any CPU
		{2E167C1A-DC78-4054-865B-A618128278BF}.Release|Any CPU.Build.0 = Release|Any CPU
		{1E25A9C3-CA84-4C68-971E-FE3C29451F97}.Debug|Any CPU.ActiveCfg = Debug|Any CPU
		{1E25A9C3-CA84-4C68-971E-FE3C29451F97}.Debug|Any CPU.Build.0 = Debug|Any CPU
		{1E25A9C3-CA84-4C68-971E-FE3C29451F97}.Release|Any CPU.ActiveCfg = Release|Any CPU
		{1E25A9C3-CA84-4C68-971E-FE3C29451F97}.Release|Any CPU.Build.0 = Release|Any CPU
	EndGlobalSection
EndGlobal
