
Microsoft Visual Studio Solution File, Format Version 12.00
Project("{FAE04EC0-301F-11D3-BF4B-00C04F79EFBC}") = "DayOne", "DayOne\DayOne.csproj", "{6617045C-66A4-4DFF-BCCA-760A44E8FEBB}"
EndProject
Global
	GlobalSection(SolutionConfigurationPlatforms) = preSolution
		Debug|Any CPU = Debug|Any CPU
		Release|Any CPU = Release|Any CPU
	EndGlobalSection
	GlobalSection(ProjectConfigurationPlatforms) = postSolution
		{6617045C-66A4-4DFF-BCCA-760A44E8FEBB}.Debug|Any CPU.ActiveCfg = Debug|Any CPU
		{6617045C-66A4-4DFF-BCCA-760A44E8FEBB}.Debug|Any CPU.Build.0 = Debug|Any CPU
		{6617045C-66A4-4DFF-BCCA-760A44E8FEBB}.Release|Any CPU.ActiveCfg = Release|Any CPU
		{6617045C-66A4-4DFF-BCCA-760A44E8FEBB}.Release|Any CPU.Build.0 = Release|Any CPU
	EndGlobalSection
EndGlobal
